
Microsoft Visual Studio Solution File, Format Version 12.00
# Visual Studio Version 17
VisualStudioVersion = 17.8.34316.72
MinimumVisualStudioVersion = 10.0.40219.1
Project("{FAE04EC0-301F-11D3-BF4B-00C04F79EFBC}") = "BasketService", "BasketService\BasketService.csproj", "{565D64A2-4B50-4FF3-8EC3-45B4A0186AE7}"
EndProject
Global
	GlobalSection(SolutionConfigurationPlatforms) = preSolution
		Debug|Any CPU = Debug|Any CPU
		Release|Any CPU = Release|Any CPU
	EndGlobalSection
	GlobalSection(ProjectConfigurationPlatforms) = postSolution
		{565D64A2-4B50-4FF3-8EC3-45B4A0186AE7}.Debug|Any CPU.ActiveCfg = Debug|Any CPU
		{565D64A2-4B50-4FF3-8EC3-45B4A0186AE7}.Debug|Any CPU.Build.0 = Debug|Any CPU
		{565D64A2-4B50-4FF3-8EC3-45B4A0186AE7}.Release|Any CPU.ActiveCfg = Release|Any CPU
		{565D64A2-4B50-4FF3-8EC3-45B4A0186AE7}.Release|Any CPU.Build.0 = Release|Any CPU
	EndGlobalSection
	GlobalSection(SolutionProperties) = preSolution
		HideSolutionNode = FALSE
	EndGlobalSection
	GlobalSection(ExtensibilityGlobals) = postSolution
		SolutionGuid = {BD43C276-D401-45C4-BFB0-C69CD517BAE6}
	EndGlobalSection
EndGlobal
